{
  "version": 4,
  "terraform_version": "1.13.0",
  "serial": 10,
  "lineage": "2812fa16-a8a9-f35a-2b38-7f648e20ce9e",
  "outputs": {
    "master_ips": {
      "value": [
        "10.103.22.50"
      ],
      "type": [
        "tuple",
        [
          "string"
        ]
      ]
    },
    "worker_ips": {
      "value": [
        "10.103.22.51"
      ],
      "type": [
        "tuple",
        [
          "string"
        ]
      ]
    }
  },
  "resources": [
    {
      "mode": "managed",
      "type": "proxmox_vm_qemu",
      "name": "master",
      "provider": "provider[\"registry.terraform.io/telmate/proxmox\"]",
      "instances": [
        {
          "index_key": 0,
          "schema_version": 0,
          "attributes": {
            "additional_wait": 5,
            "agent": 1,
            "agent_timeout": 90,
            "args": "",
            "automatic_reboot": true,
            "balloon": 0,
            "bios": "seabios",
            "boot": "order=virtio0",
            "bootdisk": "",
            "ci_wait": null,
            "cicustom": null,
            "cipassword": "",
            "ciupgrade": false,
            "ciuser": "",
            "clone": "Debian11",
            "clone_id": null,
            "clone_wait": 10,
            "cores": 0,
            "cpu": [
              {
                "affinity": "",
                "cores": 2,
                "flags": [],
                "limit": 0,
                "numa": false,
                "sockets": 1,
                "type": "x86-64-v2-AES",
                "units": 0,
                "vcores": 0
              }
            ],
            "cpu_type": "",
            "current_node": "UAEVpsie04",
            "default_ipv4_address": "10.103.22.50",
            "default_ipv6_address": "",
            "define_connection_info": true,
            "desc": "Test cluster for terraform and proxmox - masterTest node 1",
            "disk": [],
            "disks": [
              {
                "ide": [
                  {
                    "ide0": [
                      {
                        "cdrom": [],
                        "cloudinit": [
                          {
                            "storage": "storage-pool"
                          }
                        ],
                        "disk": [],
                        "ignore": false,
                        "passthrough": []
                      }
                    ],
                    "ide1": [],
                    "ide2": [],
                    "ide3": []
                  }
                ],
                "sata": [],
                "scsi": [],
                "virtio": [
                  {
                    "virtio0": [
                      {
                        "cdrom": [],
                        "disk": [
                          {
                            "asyncio": "",
                            "backup": true,
                            "cache": "",
                            "discard": true,
                            "format": "qcow2",
                            "id": 0,
                            "iops_r_burst": 0,
                            "iops_r_burst_length": 0,
                            "iops_r_concurrent": 0,
                            "iops_wr_burst": 0,
                            "iops_wr_burst_length": 0,
                            "iops_wr_concurrent": 0,
                            "iothread": true,
                            "linked_disk_id": -1,
                            "mbps_r_burst": 0,
                            "mbps_r_concurrent": 0,
                            "mbps_wr_burst": 0,
                            "mbps_wr_concurrent": 0,
                            "readonly": false,
                            "replicate": false,
                            "serial": "",
                            "size": "40G",
                            "storage": "storage-pool",
                            "wwn": ""
                          }
                        ],
                        "ignore": false,
                        "passthrough": []
                      }
                    ],
                    "virtio1": [],
                    "virtio10": [],
                    "virtio11": [],
                    "virtio12": [],
                    "virtio13": [],
                    "virtio14": [],
                    "virtio15": [],
                    "virtio2": [],
                    "virtio3": [],
                    "virtio4": [],
                    "virtio5": [],
                    "virtio6": [],
                    "virtio7": [],
                    "virtio8": [],
                    "virtio9": []
                  }
                ]
              }
            ],
            "efidisk": [],
            "force_create": false,
            "force_recreate_on_change_of": null,
            "full_clone": true,
            "hagroup": "",
            "hastate": "",
            "hostpci": [],
            "hotplug": "network,disk,usb",
            "id": "UAEVpsie04/qemu/101",
            "ipconfig0": "ip=10.103.22.50/24,gw=10.103.22.1",
            "ipconfig1": null,
            "ipconfig10": null,
            "ipconfig11": null,
            "ipconfig12": null,
            "ipconfig13": null,
            "ipconfig14": null,
            "ipconfig15": null,
            "ipconfig2": null,
            "ipconfig3": null,
            "ipconfig4": null,
            "ipconfig5": null,
            "ipconfig6": null,
            "ipconfig7": null,
            "ipconfig8": null,
            "ipconfig9": null,
            "kvm": true,
            "linked_vmid": 0,
            "machine": "",
            "memory": 4096,
            "name": "newtest-masterTest-1",
            "nameserver": null,
            "network": [
              {
                "bridge": "vmbr10",
                "firewall": false,
                "id": 0,
                "link_down": false,
                "macaddr": "bc:24:11:d8:8a:10",
                "model": "virtio",
                "mtu": 0,
                "queues": 0,
                "rate": 0,
                "tag": 22
              }
            ],
            "numa": false,
            "onboot": false,
            "os_network_config": null,
            "os_type": "cloud-init",
            "pci": [],
            "pcis": [],
            "pool": "",
            "protection": false,
            "pxe": null,
            "qemu_os": "l26",
            "reboot_required": false,
            "scsihw": "virtio-scsi-pci",
            "searchdomain": null,
            "serial": [],
            "skip_ipv4": false,
            "skip_ipv6": false,
            "smbios": [
              {
                "family": "",
                "manufacturer": "",
                "product": "",
                "serial": "",
                "sku": "",
                "uuid": "d7333a8c-2824-4390-bd59-9fffeb03b89d",
                "version": ""
              }
            ],
            "sockets": 0,
            "ssh_forward_ip": null,
            "ssh_host": "10.103.22.50",
            "ssh_port": "22",
            "ssh_private_key": null,
            "ssh_user": "root",
            "sshkeys": "ssh-rsa AAAAB3NzaC1yc2EAAAADAQABAAACAQCldYtoQeUGQ6G81XFyRdPfun+8YeMA4JHh/+x/gWL8Ifl4k9ZBIlEW/oxBIow69N3FjGvy0kRiS7hQsOFqjziNMWHRI/ZXnszbvNPQLf3J/AR0AQXKZtBqelMfgak0zzkTNQ+3rdB/VzY/ltstnDERuLUs1u3huaZlzM7uFQQHRurgiMiz94pIapELaemY0ztYaohKe4tpVJTKplTrUqJTOvxmrKEc+VW0X3T9rxvW8YJd9s0HrwFwc4RFSnNJ4JoM0fkrxBHvHIiZqNj+X7fI1SHeiQrsReuN4UmRQlDbsbQogDxu7HqspGGmWmFY1aUr1JKaKkJY00wEtzZYFQEGh56LeZPRIt/7k33DHcaQnMDkqBj2CaJL++vQloR2qGlOwCvyurytHIKZxKI27qXKmrdw6VXITywGLirXtPsNUJx3GEqPjYVSYLxBPawPtflUmxIIrozCY/1CjhZ1SmqlPpjMZ4rmN60mcC7WMbCmrQIFS4yDH9io7XbDs2+XxgfikwWDSo2VzcVypnQrihF1LeNe4GUZQj8DgrwneB/qKoBK+Lg4lKHCmNqxRtHlB+HBbpIxxdjH30sxMHuSy18/lXD4VQBQOyOXMiEj3Fu4V7iomR3QwamBGSHf8b6aURyAlp3S8I8nz/f/IHYsfR4+RuyQj3lMc+cmXeKiMa7E2Q== your_email@example.com\n",
            "startup": "",
            "tablet": true,
            "tags": "newtest_kubernetes_master_node_1",
            "target_node": "UAEVpsie04",
            "target_nodes": null,
            "timeouts": null,
            "tpm_state": [],
            "unused_disk": [],
            "usb": [],
            "usbs": [],
            "vcpus": 0,
            "vga": [],
            "vm_state": "running",
            "vmid": 101
          },
          "sensitive_attributes": [
            [
              {
                "type": "get_attr",
                "value": "cipassword"
              }
            ],
            [
              {
                "type": "get_attr",
                "value": "ssh_private_key"
              }
            ]
          ],
          "identity_schema_version": 0,
          "private": "eyJlMmJmYjczMC1lY2FhLTExZTYtOGY4OC0zNDM2M2JjN2M0YzAiOnsiY3JlYXRlIjoxMjAwMDAwMDAwMDAwLCJkZWZhdWx0IjoxMjAwMDAwMDAwMDAwLCJkZWxldGUiOjEyMDAwMDAwMDAwMDAsInJlYWQiOjEyMDAwMDAwMDAwMDAsInVwZGF0ZSI6MTIwMDAwMDAwMDAwMH19"
        }
      ]
    },
    {
      "mode": "managed",
      "type": "proxmox_vm_qemu",
      "name": "worker",
      "provider": "provider[\"registry.terraform.io/telmate/proxmox\"]",
      "instances": [
        {
          "index_key": 0,
          "schema_version": 0,
          "attributes": {
            "additional_wait": 5,
            "agent": 1,
            "agent_timeout": 90,
            "args": "",
            "automatic_reboot": true,
            "balloon": 0,
            "bios": "seabios",
            "boot": "order=virtio0",
            "bootdisk": "",
            "ci_wait": null,
            "cicustom": null,
            "cipassword": "",
            "ciupgrade": false,
            "ciuser": "",
            "clone": "Debian11",
            "clone_id": null,
            "clone_wait": 10,
            "cores": 0,
            "cpu": [
              {
                "affinity": "",
                "cores": 2,
                "flags": [],
                "limit": 0,
                "numa": false,
                "sockets": 1,
                "type": "x86-64-v2-AES",
                "units": 0,
                "vcores": 0
              }
            ],
            "cpu_type": "",
            "current_node": "UAEVpsie04",
            "default_ipv4_address": "10.103.22.51",
            "default_ipv6_address": "",
            "define_connection_info": true,
            "desc": "Test cluster for terraform and proxmox - worker node 1",
            "disk": [],
            "disks": [
              {
                "ide": [
                  {
                    "ide0": [
                      {
                        "cdrom": [],
                        "cloudinit": [
                          {
                            "storage": "storage-pool"
                          }
                        ],
                        "disk": [],
                        "ignore": false,
                        "passthrough": []
                      }
                    ],
                    "ide1": [],
                    "ide2": [],
                    "ide3": []
                  }
                ],
                "sata": [],
                "scsi": [],
                "virtio": [
                  {
                    "virtio0": [
                      {
                        "cdrom": [],
                        "disk": [
                          {
                            "asyncio": "",
                            "backup": true,
                            "cache": "",
                            "discard": true,
                            "format": "qcow2",
                            "id": 0,
                            "iops_r_burst": 0,
                            "iops_r_burst_length": 0,
                            "iops_r_concurrent": 0,
                            "iops_wr_burst": 0,
                            "iops_wr_burst_length": 0,
                            "iops_wr_concurrent": 0,
                            "iothread": true,
                            "linked_disk_id": -1,
                            "mbps_r_burst": 0,
                            "mbps_r_concurrent": 0,
                            "mbps_wr_burst": 0,
                            "mbps_wr_concurrent": 0,
                            "readonly": false,
                            "replicate": false,
                            "serial": "",
                            "size": "40G",
                            "storage": "storage-pool",
                            "wwn": ""
                          }
                        ],
                        "ignore": false,
                        "passthrough": []
                      }
                    ],
                    "virtio1": [],
                    "virtio10": [],
                    "virtio11": [],
                    "virtio12": [],
                    "virtio13": [],
                    "virtio14": [],
                    "virtio15": [],
                    "virtio2": [],
                    "virtio3": [],
                    "virtio4": [],
                    "virtio5": [],
                    "virtio6": [],
                    "virtio7": [],
                    "virtio8": [],
                    "virtio9": []
                  }
                ]
              }
            ],
            "efidisk": [],
            "force_create": false,
            "force_recreate_on_change_of": null,
            "full_clone": true,
            "hagroup": "",
            "hastate": "",
            "hostpci": [],
            "hotplug": "network,disk,usb",
            "id": "UAEVpsie04/qemu/100",
            "ipconfig0": "ip=10.103.22.51/24,gw=10.103.22.1",
            "ipconfig1": null,
            "ipconfig10": null,
            "ipconfig11": null,
            "ipconfig12": null,
            "ipconfig13": null,
            "ipconfig14": null,
            "ipconfig15": null,
            "ipconfig2": null,
            "ipconfig3": null,
            "ipconfig4": null,
            "ipconfig5": null,
            "ipconfig6": null,
            "ipconfig7": null,
            "ipconfig8": null,
            "ipconfig9": null,
            "kvm": true,
            "linked_vmid": 0,
            "machine": "",
            "memory": 4096,
            "name": "newtest-worker-1",
            "nameserver": null,
            "network": [
              {
                "bridge": "vmbr10",
                "firewall": false,
                "id": 0,
                "link_down": false,
                "macaddr": "bc:24:11:08:69:bd",
                "model": "virtio",
                "mtu": 0,
                "queues": 0,
                "rate": 0,
                "tag": 22
              }
            ],
            "numa": false,
            "onboot": false,
            "os_network_config": null,
            "os_type": "cloud-init",
            "pci": [],
            "pcis": [],
            "pool": "",
            "protection": false,
            "pxe": null,
            "qemu_os": "l26",
            "reboot_required": false,
            "scsihw": "virtio-scsi-pci",
            "searchdomain": null,
            "serial": [],
            "skip_ipv4": false,
            "skip_ipv6": false,
            "smbios": [
              {
                "family": "",
                "manufacturer": "",
                "product": "",
                "serial": "",
                "sku": "",
                "uuid": "10e1183f-1b6b-4e61-a75c-c2f576c8982d",
                "version": ""
              }
            ],
            "sockets": 0,
            "ssh_forward_ip": null,
            "ssh_host": "10.103.22.51",
            "ssh_port": "22",
            "ssh_private_key": null,
            "ssh_user": null,
            "sshkeys": "ssh-rsa AAAAB3NzaC1yc2EAAAADAQABAAACAQCldYtoQeUGQ6G81XFyRdPfun+8YeMA4JHh/+x/gWL8Ifl4k9ZBIlEW/oxBIow69N3FjGvy0kRiS7hQsOFqjziNMWHRI/ZXnszbvNPQLf3J/AR0AQXKZtBqelMfgak0zzkTNQ+3rdB/VzY/ltstnDERuLUs1u3huaZlzM7uFQQHRurgiMiz94pIapELaemY0ztYaohKe4tpVJTKplTrUqJTOvxmrKEc+VW0X3T9rxvW8YJd9s0HrwFwc4RFSnNJ4JoM0fkrxBHvHIiZqNj+X7fI1SHeiQrsReuN4UmRQlDbsbQogDxu7HqspGGmWmFY1aUr1JKaKkJY00wEtzZYFQEGh56LeZPRIt/7k33DHcaQnMDkqBj2CaJL++vQloR2qGlOwCvyurytHIKZxKI27qXKmrdw6VXITywGLirXtPsNUJx3GEqPjYVSYLxBPawPtflUmxIIrozCY/1CjhZ1SmqlPpjMZ4rmN60mcC7WMbCmrQIFS4yDH9io7XbDs2+XxgfikwWDSo2VzcVypnQrihF1LeNe4GUZQj8DgrwneB/qKoBK+Lg4lKHCmNqxRtHlB+HBbpIxxdjH30sxMHuSy18/lXD4VQBQOyOXMiEj3Fu4V7iomR3QwamBGSHf8b6aURyAlp3S8I8nz/f/IHYsfR4+RuyQj3lMc+cmXeKiMa7E2Q== your_email@example.com\n",
            "startup": "",
            "tablet": true,
            "tags": "newtest_kubernetes_worker_node_1",
            "target_node": "UAEVpsie04",
            "target_nodes": null,
            "timeouts": null,
            "tpm_state": [],
            "unused_disk": [],
            "usb": [],
            "usbs": [],
            "vcpus": 0,
            "vga": [],
            "vm_state": "running",
            "vmid": 100
          },
          "sensitive_attributes": [
            [
              {
                "type": "get_attr",
                "value": "cipassword"
              }
            ],
            [
              {
                "type": "get_attr",
                "value": "ssh_private_key"
              }
            ]
          ],
          "identity_schema_version": 0,
          "private": "eyJlMmJmYjczMC1lY2FhLTExZTYtOGY4OC0zNDM2M2JjN2M0YzAiOnsiY3JlYXRlIjoxMjAwMDAwMDAwMDAwLCJkZWZhdWx0IjoxMjAwMDAwMDAwMDAwLCJkZWxldGUiOjEyMDAwMDAwMDAwMDAsInJlYWQiOjEyMDAwMDAwMDAwMDAsInVwZGF0ZSI6MTIwMDAwMDAwMDAwMH19"
        }
      ]
    }
  ],
  "check_results": null
}
